
Microsoft Visual Studio Solution File, Format Version 12.00
Project("{2150E333-8FDC-42A3-9474-1A3956D46DE8}") = "src", "src", "{A0D770AF-9C8D-42EA-9FAB-58F7A7EFDD4D}"
EndProject
Project("{2150E333-8FDC-42A3-9474-1A3956D46DE8}") = "tests", "tests", "{E519480D-1428-4478-8477-DF048719D29C}"
EndProject
Project("{FAE04EC0-301F-11D3-BF4B-00C04F79EFBC}") = "GatewayApi", "src\GatewayApi\GatewayApi.csproj", "{13320C11-C791-4C46-B56A-B428E1997B00}"
EndProject
Project("{FAE04EC0-301F-11D3-BF4B-00C04F79EFBC}") = "TeamService", "src\TeamService\TeamService.csproj", "{2D25B381-0E59-434B-AADA-B7A81528A72F}"
EndProject
Project("{FAE04EC0-301F-11D3-BF4B-00C04F79EFBC}") = "Shared.Infrastructure", "src\Shared.Infrastructure\Shared.Infrastructure.csproj", "{84CDF7D9-B5B4-4E86-9D4D-ADD3348DB4EB}"
EndProject
Project("{FAE04EC0-301F-11D3-BF4B-00C04F79EFBC}") = "Shared.Contracts", "src\Shared.Contracts\Shared.Contracts.csproj", "{5751C803-157A-4369-A6B5-22173F7F01D1}"
EndProject
Project("{FAE04EC0-301F-11D3-BF4B-00C04F79EFBC}") = "Shared.Grpc", "src\Shared.Grpc\Shared.Grpc.csproj", "{4899E61D-2157-4BF5-8FE2-A724E95301CB}"
EndProject
Project("{2150E333-8FDC-42A3-9474-1A3956D46DE8}") = "Common", "Common", "{16FBDB58-D7C6-4750-81E9-85A3A81D6D15}"
EndProject
Project("{2150E333-8FDC-42A3-9474-1A3956D46DE8}") = "Modules", "Modules", "{FAE7B18F-5733-434C-A16B-D8BC6B4BA93E}"
EndProject
Project("{FAE04EC0-301F-11D3-BF4B-00C04F79EFBC}") = "App", "src\App\App.csproj", "{6952256A-376E-422B-B651-99CDBBB2ADBB}"
EndProject
Project("{FAE04EC0-301F-11D3-BF4B-00C04F79EFBC}") = "Common.Presentation", "src\Common\Common.Presentation\Common.Presentation.csproj", "{A09E2DAA-93A4-4DCD-878F-0F83703BEB6A}"
EndProject
Project("{FAE04EC0-301F-11D3-BF4B-00C04F79EFBC}") = "Common.Domain", "src\Common\Common.Domain\Common.Domain.csproj", "{0BA3242A-0FCB-4B8A-A53A-453302DBD7B5}"
EndProject
Project("{FAE04EC0-301F-11D3-BF4B-00C04F79EFBC}") = "Common.Application", "src\Common\Common.Application\Common.Application.csproj", "{2A03260F-62DD-473A-B4BA-9FF0733D44EB}"
EndProject
Project("{FAE04EC0-301F-11D3-BF4B-00C04F79EFBC}") = "Common.Infrastructure", "src\Common\Common.Infrastructure\Common.Infrastructure.csproj", "{4259AA00-8213-4552-898C-B6371F16BB83}"
EndProject
Project("{FAE04EC0-301F-11D3-BF4B-00C04F79EFBC}") = "Identity", "src\Modules\Identity\Identity.csproj", "{52DE9CAE-7795-4F1B-9570-663680024291}"
EndProject
Project("{FAE04EC0-301F-11D3-BF4B-00C04F79EFBC}") = "IdentityProvider", "src\IdentityProvider\IdentityProvider.csproj", "{89707025-546E-4FF0-8C79-63FDD03DC513}"
EndProject
Global
	GlobalSection(SolutionConfigurationPlatforms) = preSolution
		Debug|Any CPU = Debug|Any CPU
		Release|Any CPU = Release|Any CPU
	EndGlobalSection
	GlobalSection(NestedProjects) = preSolution
		{13320C11-C791-4C46-B56A-B428E1997B00} = {A0D770AF-9C8D-42EA-9FAB-58F7A7EFDD4D}
		{2D25B381-0E59-434B-AADA-B7A81528A72F} = {A0D770AF-9C8D-42EA-9FAB-58F7A7EFDD4D}
		{84CDF7D9-B5B4-4E86-9D4D-ADD3348DB4EB} = {A0D770AF-9C8D-42EA-9FAB-58F7A7EFDD4D}
		{5751C803-157A-4369-A6B5-22173F7F01D1} = {A0D770AF-9C8D-42EA-9FAB-58F7A7EFDD4D}
		{4899E61D-2157-4BF5-8FE2-A724E95301CB} = {A0D770AF-9C8D-42EA-9FAB-58F7A7EFDD4D}
		{16FBDB58-D7C6-4750-81E9-85A3A81D6D15} = {A0D770AF-9C8D-42EA-9FAB-58F7A7EFDD4D}
		{FAE7B18F-5733-434C-A16B-D8BC6B4BA93E} = {A0D770AF-9C8D-42EA-9FAB-58F7A7EFDD4D}
		{6952256A-376E-422B-B651-99CDBBB2ADBB} = {A0D770AF-9C8D-42EA-9FAB-58F7A7EFDD4D}
		{A09E2DAA-93A4-4DCD-878F-0F83703BEB6A} = {16FBDB58-D7C6-4750-81E9-85A3A81D6D15}
		{0BA3242A-0FCB-4B8A-A53A-453302DBD7B5} = {16FBDB58-D7C6-4750-81E9-85A3A81D6D15}
		{2A03260F-62DD-473A-B4BA-9FF0733D44EB} = {16FBDB58-D7C6-4750-81E9-85A3A81D6D15}
		{4259AA00-8213-4552-898C-B6371F16BB83} = {16FBDB58-D7C6-4750-81E9-85A3A81D6D15}
		{52DE9CAE-7795-4F1B-9570-663680024291} = {FAE7B18F-5733-434C-A16B-D8BC6B4BA93E}
		{89707025-546E-4FF0-8C79-63FDD03DC513} = {A0D770AF-9C8D-42EA-9FAB-58F7A7EFDD4D}
	EndGlobalSection
	GlobalSection(ProjectConfigurationPlatforms) = postSolution
		{13320C11-C791-4C46-B56A-B428E1997B00}.Debug|Any CPU.ActiveCfg = Debug|Any CPU
		{13320C11-C791-4C46-B56A-B428E1997B00}.Debug|Any CPU.Build.0 = Debug|Any CPU
		{13320C11-C791-4C46-B56A-B428E1997B00}.Release|Any CPU.ActiveCfg = Release|Any CPU
		{13320C11-C791-4C46-B56A-B428E1997B00}.Release|Any CPU.Build.0 = Release|Any CPU
		{2D25B381-0E59-434B-AADA-B7A81528A72F}.Debug|Any CPU.ActiveCfg = Debug|Any CPU
		{2D25B381-0E59-434B-AADA-B7A81528A72F}.Debug|Any CPU.Build.0 = Debug|Any CPU
		{2D25B381-0E59-434B-AADA-B7A81528A72F}.Release|Any CPU.ActiveCfg = Release|Any CPU
		{2D25B381-0E59-434B-AADA-B7A81528A72F}.Release|Any CPU.Build.0 = Release|Any CPU
		{84CDF7D9-B5B4-4E86-9D4D-ADD3348DB4EB}.Debug|Any CPU.ActiveCfg = Debug|Any CPU
		{84CDF7D9-B5B4-4E86-9D4D-ADD3348DB4EB}.Debug|Any CPU.Build.0 = Debug|Any CPU
		{84CDF7D9-B5B4-4E86-9D4D-ADD3348DB4EB}.Release|Any CPU.ActiveCfg = Release|Any CPU
		{84CDF7D9-B5B4-4E86-9D4D-ADD3348DB4EB}.Release|Any CPU.Build.0 = Release|Any CPU
		{5751C803-157A-4369-A6B5-22173F7F01D1}.Debug|Any CPU.ActiveCfg = Debug|Any CPU
		{5751C803-157A-4369-A6B5-22173F7F01D1}.Debug|Any CPU.Build.0 = Debug|Any CPU
		{5751C803-157A-4369-A6B5-22173F7F01D1}.Release|Any CPU.ActiveCfg = Release|Any CPU
		{5751C803-157A-4369-A6B5-22173F7F01D1}.Release|Any CPU.Build.0 = Release|Any CPU
		{4899E61D-2157-4BF5-8FE2-A724E95301CB}.Debug|Any CPU.ActiveCfg = Debug|Any CPU
		{4899E61D-2157-4BF5-8FE2-A724E95301CB}.Debug|Any CPU.Build.0 = Debug|Any CPU
		{4899E61D-2157-4BF5-8FE2-A724E95301CB}.Release|Any CPU.ActiveCfg = Release|Any CPU
		{4899E61D-2157-4BF5-8FE2-A724E95301CB}.Release|Any CPU.Build.0 = Release|Any CPU
		{6952256A-376E-422B-B651-99CDBBB2ADBB}.Debug|Any CPU.ActiveCfg = Debug|Any CPU
		{6952256A-376E-422B-B651-99CDBBB2ADBB}.Debug|Any CPU.Build.0 = Debug|Any CPU
		{6952256A-376E-422B-B651-99CDBBB2ADBB}.Release|Any CPU.ActiveCfg = Release|Any CPU
		{6952256A-376E-422B-B651-99CDBBB2ADBB}.Release|Any CPU.Build.0 = Release|Any CPU
		{A09E2DAA-93A4-4DCD-878F-0F83703BEB6A}.Debug|Any CPU.ActiveCfg = Debug|Any CPU
		{A09E2DAA-93A4-4DCD-878F-0F83703BEB6A}.Debug|Any CPU.Build.0 = Debug|Any CPU
		{A09E2DAA-93A4-4DCD-878F-0F83703BEB6A}.Release|Any CPU.ActiveCfg = Release|Any CPU
		{A09E2DAA-93A4-4DCD-878F-0F83703BEB6A}.Release|Any CPU.Build.0 = Release|Any CPU
		{0BA3242A-0FCB-4B8A-A53A-453302DBD7B5}.Debug|Any CPU.ActiveCfg = Debug|Any CPU
		{0BA3242A-0FCB-4B8A-A53A-453302DBD7B5}.Debug|Any CPU.Build.0 = Debug|Any CPU
		{0BA3242A-0FCB-4B8A-A53A-453302DBD7B5}.Release|Any CPU.ActiveCfg = Release|Any CPU
		{0BA3242A-0FCB-4B8A-A53A-453302DBD7B5}.Release|Any CPU.Build.0 = Release|Any CPU
		{2A03260F-62DD-473A-B4BA-9FF0733D44EB}.Debug|Any CPU.ActiveCfg = Debug|Any CPU
		{2A03260F-62DD-473A-B4BA-9FF0733D44EB}.Debug|Any CPU.Build.0 = Debug|Any CPU
		{2A03260F-62DD-473A-B4BA-9FF0733D44EB}.Release|Any CPU.ActiveCfg = Release|Any CPU
		{2A03260F-62DD-473A-B4BA-9FF0733D44EB}.Release|Any CPU.Build.0 = Release|Any CPU
		{4259AA00-8213-4552-898C-B6371F16BB83}.Debug|Any CPU.ActiveCfg = Debug|Any CPU
		{4259AA00-8213-4552-898C-B6371F16BB83}.Debug|Any CPU.Build.0 = Debug|Any CPU
		{4259AA00-8213-4552-898C-B6371F16BB83}.Release|Any CPU.ActiveCfg = Release|Any CPU
		{4259AA00-8213-4552-898C-B6371F16BB83}.Release|Any CPU.Build.0 = Release|Any CPU
		{52DE9CAE-7795-4F1B-9570-663680024291}.Debug|Any CPU.ActiveCfg = Debug|Any CPU
		{52DE9CAE-7795-4F1B-9570-663680024291}.Debug|Any CPU.Build.0 = Debug|Any CPU
		{52DE9CAE-7795-4F1B-9570-663680024291}.Release|Any CPU.ActiveCfg = Release|Any CPU
		{52DE9CAE-7795-4F1B-9570-663680024291}.Release|Any CPU.Build.0 = Release|Any CPU
		{89707025-546E-4FF0-8C79-63FDD03DC513}.Debug|Any CPU.ActiveCfg = Debug|Any CPU
		{89707025-546E-4FF0-8C79-63FDD03DC513}.Debug|Any CPU.Build.0 = Debug|Any CPU
		{89707025-546E-4FF0-8C79-63FDD03DC513}.Release|Any CPU.ActiveCfg = Release|Any CPU
		{89707025-546E-4FF0-8C79-63FDD03DC513}.Release|Any CPU.Build.0 = Release|Any CPU
	EndGlobalSection
EndGlobal
