
Microsoft Visual Studio Solution File, Format Version 12.00
Project("{2150E333-8FDC-42A3-9474-1A3956D46DE8}") = "src", "src", "{A0D770AF-9C8D-42EA-9FAB-58F7A7EFDD4D}"
EndProject
Project("{2150E333-8FDC-42A3-9474-1A3956D46DE8}") = "tests", "tests", "{E519480D-1428-4478-8477-DF048719D29C}"
EndProject
Project("{FAE04EC0-301F-11D3-BF4B-00C04F79EFBC}") = "GatewayApi", "src\GatewayApi\GatewayApi.csproj", "{13320C11-C791-4C46-B56A-B428E1997B00}"
EndProject
Project("{FAE04EC0-301F-11D3-BF4B-00C04F79EFBC}") = "TeamService", "src\TeamService\TeamService.csproj", "{2D25B381-0E59-434B-AADA-B7A81528A72F}"
EndProject
Project("{FAE04EC0-301F-11D3-BF4B-00C04F79EFBC}") = "Shared.Infrastructure", "src\Shared.Infrastructure\Shared.Infrastructure.csproj", "{84CDF7D9-B5B4-4E86-9D4D-ADD3348DB4EB}"
EndProject
Project("{FAE04EC0-301F-11D3-BF4B-00C04F79EFBC}") = "UserProfileService", "src\UserProfileService\UserProfileService.csproj", "{52BD0064-7F78-4B27-975E-FD24E21EAA32}"
EndProject
Project("{FAE04EC0-301F-11D3-BF4B-00C04F79EFBC}") = "TournamentService", "src\TournamentService\TournamentService.csproj", "{0B375433-B988-4816-AFD2-8B9856BB669B}"
EndProject
Project("{FAE04EC0-301F-11D3-BF4B-00C04F79EFBC}") = "IdentityProviderService", "src\IdentityProviderService\IdentityProviderService.csproj", "{92D0A06A-9C05-4F5F-BB88-293AE47EEEC0}"
EndProject
Project("{FAE04EC0-301F-11D3-BF4B-00C04F79EFBC}") = "GameService", "src\GameService\GameService.csproj", "{FAC2800F-29EE-41BA-8894-74968CDB8FF8}"
EndProject
Project("{FAE04EC0-301F-11D3-BF4B-00C04F79EFBC}") = "Shared.Contracts", "src\Shared.Contracts\Shared.Contracts.csproj", "{5751C803-157A-4369-A6B5-22173F7F01D1}"
EndProject
Global
	GlobalSection(SolutionConfigurationPlatforms) = preSolution
		Debug|Any CPU = Debug|Any CPU
		Release|Any CPU = Release|Any CPU
	EndGlobalSection
	GlobalSection(NestedProjects) = preSolution
		{13320C11-C791-4C46-B56A-B428E1997B00} = {A0D770AF-9C8D-42EA-9FAB-58F7A7EFDD4D}
		{2D25B381-0E59-434B-AADA-B7A81528A72F} = {A0D770AF-9C8D-42EA-9FAB-58F7A7EFDD4D}
		{84CDF7D9-B5B4-4E86-9D4D-ADD3348DB4EB} = {A0D770AF-9C8D-42EA-9FAB-58F7A7EFDD4D}
		{52BD0064-7F78-4B27-975E-FD24E21EAA32} = {A0D770AF-9C8D-42EA-9FAB-58F7A7EFDD4D}
		{0B375433-B988-4816-AFD2-8B9856BB669B} = {A0D770AF-9C8D-42EA-9FAB-58F7A7EFDD4D}
		{92D0A06A-9C05-4F5F-BB88-293AE47EEEC0} = {A0D770AF-9C8D-42EA-9FAB-58F7A7EFDD4D}
		{FAC2800F-29EE-41BA-8894-74968CDB8FF8} = {A0D770AF-9C8D-42EA-9FAB-58F7A7EFDD4D}
		{5751C803-157A-4369-A6B5-22173F7F01D1} = {A0D770AF-9C8D-42EA-9FAB-58F7A7EFDD4D}
	EndGlobalSection
	GlobalSection(ProjectConfigurationPlatforms) = postSolution
		{13320C11-C791-4C46-B56A-B428E1997B00}.Debug|Any CPU.ActiveCfg = Debug|Any CPU
		{13320C11-C791-4C46-B56A-B428E1997B00}.Debug|Any CPU.Build.0 = Debug|Any CPU
		{13320C11-C791-4C46-B56A-B428E1997B00}.Release|Any CPU.ActiveCfg = Release|Any CPU
		{13320C11-C791-4C46-B56A-B428E1997B00}.Release|Any CPU.Build.0 = Release|Any CPU
		{2D25B381-0E59-434B-AADA-B7A81528A72F}.Debug|Any CPU.ActiveCfg = Debug|Any CPU
		{2D25B381-0E59-434B-AADA-B7A81528A72F}.Debug|Any CPU.Build.0 = Debug|Any CPU
		{2D25B381-0E59-434B-AADA-B7A81528A72F}.Release|Any CPU.ActiveCfg = Release|Any CPU
		{2D25B381-0E59-434B-AADA-B7A81528A72F}.Release|Any CPU.Build.0 = Release|Any CPU
		{84CDF7D9-B5B4-4E86-9D4D-ADD3348DB4EB}.Debug|Any CPU.ActiveCfg = Debug|Any CPU
		{84CDF7D9-B5B4-4E86-9D4D-ADD3348DB4EB}.Debug|Any CPU.Build.0 = Debug|Any CPU
		{84CDF7D9-B5B4-4E86-9D4D-ADD3348DB4EB}.Release|Any CPU.ActiveCfg = Release|Any CPU
		{84CDF7D9-B5B4-4E86-9D4D-ADD3348DB4EB}.Release|Any CPU.Build.0 = Release|Any CPU
		{52BD0064-7F78-4B27-975E-FD24E21EAA32}.Debug|Any CPU.ActiveCfg = Debug|Any CPU
		{52BD0064-7F78-4B27-975E-FD24E21EAA32}.Debug|Any CPU.Build.0 = Debug|Any CPU
		{52BD0064-7F78-4B27-975E-FD24E21EAA32}.Release|Any CPU.ActiveCfg = Release|Any CPU
		{52BD0064-7F78-4B27-975E-FD24E21EAA32}.Release|Any CPU.Build.0 = Release|Any CPU
		{0B375433-B988-4816-AFD2-8B9856BB669B}.Debug|Any CPU.ActiveCfg = Debug|Any CPU
		{0B375433-B988-4816-AFD2-8B9856BB669B}.Debug|Any CPU.Build.0 = Debug|Any CPU
		{0B375433-B988-4816-AFD2-8B9856BB669B}.Release|Any CPU.ActiveCfg = Release|Any CPU
		{0B375433-B988-4816-AFD2-8B9856BB669B}.Release|Any CPU.Build.0 = Release|Any CPU
		{92D0A06A-9C05-4F5F-BB88-293AE47EEEC0}.Debug|Any CPU.ActiveCfg = Debug|Any CPU
		{92D0A06A-9C05-4F5F-BB88-293AE47EEEC0}.Debug|Any CPU.Build.0 = Debug|Any CPU
		{92D0A06A-9C05-4F5F-BB88-293AE47EEEC0}.Release|Any CPU.ActiveCfg = Release|Any CPU
		{92D0A06A-9C05-4F5F-BB88-293AE47EEEC0}.Release|Any CPU.Build.0 = Release|Any CPU
		{FAC2800F-29EE-41BA-8894-74968CDB8FF8}.Debug|Any CPU.ActiveCfg = Debug|Any CPU
		{FAC2800F-29EE-41BA-8894-74968CDB8FF8}.Debug|Any CPU.Build.0 = Debug|Any CPU
		{FAC2800F-29EE-41BA-8894-74968CDB8FF8}.Release|Any CPU.ActiveCfg = Release|Any CPU
		{FAC2800F-29EE-41BA-8894-74968CDB8FF8}.Release|Any CPU.Build.0 = Release|Any CPU
		{5751C803-157A-4369-A6B5-22173F7F01D1}.Debug|Any CPU.ActiveCfg = Debug|Any CPU
		{5751C803-157A-4369-A6B5-22173F7F01D1}.Debug|Any CPU.Build.0 = Debug|Any CPU
		{5751C803-157A-4369-A6B5-22173F7F01D1}.Release|Any CPU.ActiveCfg = Release|Any CPU
		{5751C803-157A-4369-A6B5-22173F7F01D1}.Release|Any CPU.Build.0 = Release|Any CPU
	EndGlobalSection
EndGlobal
